
Microsoft Visual Studio Solution File, Format Version 12.00
# Visual Studio Version 17
VisualStudioVersion = 17.7.34009.444
MinimumVisualStudioVersion = 10.0.40219.1
Project("{FAE04EC0-301F-11D3-BF4B-00C04F79EFBC}") = "AppointmentScheduler", "AppointmentScheduler\AppointmentScheduler.csproj", "{2F9A710E-6E8E-46A2-9289-0BF8F30A59D9}"
EndProject
Global
	GlobalSection(SolutionConfigurationPlatforms) = preSolution
		Debug|Any CPU = Debug|Any CPU
		Release|Any CPU = Release|Any CPU
	EndGlobalSection
	GlobalSection(ProjectConfigurationPlatforms) = postSolution
		{2F9A710E-6E8E-46A2-9289-0BF8F30A59D9}.Debug|Any CPU.ActiveCfg = Debug|Any CPU
		{2F9A710E-6E8E-46A2-9289-0BF8F30A59D9}.Debug|Any CPU.Build.0 = Debug|Any CPU
		{2F9A710E-6E8E-46A2-9289-0BF8F30A59D9}.Release|Any CPU.ActiveCfg = Release|Any CPU
		{2F9A710E-6E8E-46A2-9289-0BF8F30A59D9}.Release|Any CPU.Build.0 = Release|Any CPU
	EndGlobalSection
	GlobalSection(SolutionProperties) = preSolution
		HideSolutionNode = FALSE
	EndGlobalSection
	GlobalSection(ExtensibilityGlobals) = postSolution
		SolutionGuid = {999DD471-F30B-420F-99EA-691B357C05A6}
	EndGlobalSection
EndGlobal
